
Microsoft Visual Studio Solution File, Format Version 12.00
# Visual Studio Version 17
VisualStudioVersion = 17.2.32630.192
MinimumVisualStudioVersion = 10.0.40219.1
Project("{9A19103F-16F7-4668-BE54-9A1E7A4F7556}") = "R5T.F0051", "R5T.F0051\R5T.F0051.csproj", "{E5116E80-027E-4FB9-A48D-9A1C6DE9CCBC}"
EndProject
Project("{2150E333-8FDC-42A3-9474-1A3956D46DE8}") = "_Dependencies", "_Dependencies", "{FD1A65EB-2F64-4AAD-B043-00FC48DB32E5}"
EndProject
Project("{9A19103F-16F7-4668-BE54-9A1E7A4F7556}") = "R5T.T0132", "..\..\R5T.T0132\source\R5T.T0132\R5T.T0132.csproj", "{4040AA3E-1DF3-4817-A72B-067C68404A66}"
EndProject
Project("{9A19103F-16F7-4668-BE54-9A1E7A4F7556}") = "R5T.NG0006", "..\..\R5T.NG0006\source\R5T.NG0006\R5T.NG0006.csproj", "{14E56A36-35A1-464A-B796-31598CB7BBC1}"
EndProject
Project("{9A19103F-16F7-4668-BE54-9A1E7A4F7556}") = "R5T.F0020", "..\..\R5T.F0020\source\R5T.F0020\R5T.F0020.csproj", "{1E371710-DF85-4B50-B13A-C5C3F20B694A}"
EndProject
Project("{9A19103F-16F7-4668-BE54-9A1E7A4F7556}") = "R5T.F0002", "..\..\R5T.F0002\source\R5T.F0002\R5T.F0002.csproj", "{A1E361CD-0E64-4BC7-B49C-9099DD203D2A}"
EndProject
Project("{9A19103F-16F7-4668-BE54-9A1E7A4F7556}") = "R5T.F0052", "..\..\R5T.F0052\source\R5T.F0052\R5T.F0052.csproj", "{E5BAC84E-BBB3-460C-877A-2EF0CC4D38A1}"
EndProject
Project("{9A19103F-16F7-4668-BE54-9A1E7A4F7556}") = "R5T.F0053", "..\..\R5T.F0053\source\R5T.F0053\R5T.F0053.csproj", "{1CB62885-EE6D-4E9E-BB15-A0AA95F8A388}"
EndProject
Global
	GlobalSection(SolutionConfigurationPlatforms) = preSolution
		Debug|Any CPU = Debug|Any CPU
		Release|Any CPU = Release|Any CPU
	EndGlobalSection
	GlobalSection(ProjectConfigurationPlatforms) = postSolution
		{E5116E80-027E-4FB9-A48D-9A1C6DE9CCBC}.Debug|Any CPU.ActiveCfg = Debug|Any CPU
		{E5116E80-027E-4FB9-A48D-9A1C6DE9CCBC}.Debug|Any CPU.Build.0 = Debug|Any CPU
		{E5116E80-027E-4FB9-A48D-9A1C6DE9CCBC}.Release|Any CPU.ActiveCfg = Release|Any CPU
		{E5116E80-027E-4FB9-A48D-9A1C6DE9CCBC}.Release|Any CPU.Build.0 = Release|Any CPU
		{4040AA3E-1DF3-4817-A72B-067C68404A66}.Debug|Any CPU.ActiveCfg = Debug|Any CPU
		{4040AA3E-1DF3-4817-A72B-067C68404A66}.Debug|Any CPU.Build.0 = Debug|Any CPU
		{4040AA3E-1DF3-4817-A72B-067C68404A66}.Release|Any CPU.ActiveCfg = Release|Any CPU
		{4040AA3E-1DF3-4817-A72B-067C68404A66}.Release|Any CPU.Build.0 = Release|Any CPU
		{14E56A36-35A1-464A-B796-31598CB7BBC1}.Debug|Any CPU.ActiveCfg = Debug|Any CPU
		{14E56A36-35A1-464A-B796-31598CB7BBC1}.Debug|Any CPU.Build.0 = Debug|Any CPU
		{14E56A36-35A1-464A-B796-31598CB7BBC1}.Release|Any CPU.ActiveCfg = Release|Any CPU
		{14E56A36-35A1-464A-B796-31598CB7BBC1}.Release|Any CPU.Build.0 = Release|Any CPU
		{1E371710-DF85-4B50-B13A-C5C3F20B694A}.Debug|Any CPU.ActiveCfg = Debug|Any CPU
		{1E371710-DF85-4B50-B13A-C5C3F20B694A}.Debug|Any CPU.Build.0 = Debug|Any CPU
		{1E371710-DF85-4B50-B13A-C5C3F20B694A}.Release|Any CPU.ActiveCfg = Release|Any CPU
		{1E371710-DF85-4B50-B13A-C5C3F20B694A}.Release|Any CPU.Build.0 = Release|Any CPU
		{A1E361CD-0E64-4BC7-B49C-9099DD203D2A}.Debug|Any CPU.ActiveCfg = Debug|Any CPU
		{A1E361CD-0E64-4BC7-B49C-9099DD203D2A}.Debug|Any CPU.Build.0 = Debug|Any CPU
		{A1E361CD-0E64-4BC7-B49C-9099DD203D2A}.Release|Any CPU.ActiveCfg = Release|Any CPU
		{A1E361CD-0E64-4BC7-B49C-9099DD203D2A}.Release|Any CPU.Build.0 = Release|Any CPU
		{E5BAC84E-BBB3-460C-877A-2EF0CC4D38A1}.Debug|Any CPU.ActiveCfg = Debug|Any CPU
		{E5BAC84E-BBB3-460C-877A-2EF0CC4D38A1}.Debug|Any CPU.Build.0 = Debug|Any CPU
		{E5BAC84E-BBB3-460C-877A-2EF0CC4D38A1}.Release|Any CPU.ActiveCfg = Release|Any CPU
		{E5BAC84E-BBB3-460C-877A-2EF0CC4D38A1}.Release|Any CPU.Build.0 = Release|Any CPU
		{1CB62885-EE6D-4E9E-BB15-A0AA95F8A388}.Debug|Any CPU.ActiveCfg = Debug|Any CPU
		{1CB62885-EE6D-4E9E-BB15-A0AA95F8A388}.Debug|Any CPU.Build.0 = Debug|Any CPU
		{1CB62885-EE6D-4E9E-BB15-A0AA95F8A388}.Release|Any CPU.ActiveCfg = Release|Any CPU
		{1CB62885-EE6D-4E9E-BB15-A0AA95F8A388}.Release|Any CPU.Build.0 = Release|Any CPU
	EndGlobalSection
	GlobalSection(SolutionProperties) = preSolution
		HideSolutionNode = FALSE
	EndGlobalSection
	GlobalSection(NestedProjects) = preSolution
		{4040AA3E-1DF3-4817-A72B-067C68404A66} = {FD1A65EB-2F64-4AAD-B043-00FC48DB32E5}
		{14E56A36-35A1-464A-B796-31598CB7BBC1} = {FD1A65EB-2F64-4AAD-B043-00FC48DB32E5}
		{1E371710-DF85-4B50-B13A-C5C3F20B694A} = {FD1A65EB-2F64-4AAD-B043-00FC48DB32E5}
		{A1E361CD-0E64-4BC7-B49C-9099DD203D2A} = {FD1A65EB-2F64-4AAD-B043-00FC48DB32E5}
		{E5BAC84E-BBB3-460C-877A-2EF0CC4D38A1} = {FD1A65EB-2F64-4AAD-B043-00FC48DB32E5}
		{1CB62885-EE6D-4E9E-BB15-A0AA95F8A388} = {FD1A65EB-2F64-4AAD-B043-00FC48DB32E5}
	EndGlobalSection
	GlobalSection(ExtensibilityGlobals) = postSolution
		SolutionGuid = {8024A336-F500-4B39-BA48-6A8C66B9A6EF}
	EndGlobalSection
EndGlobal
